
Microsoft Visual Studio Solution File, Format Version 12.00
# Visual Studio Version 17
VisualStudioVersion = 17.12.35707.178
MinimumVisualStudioVersion = 10.0.40219.1
Project("{FAE04EC0-301F-11D3-BF4B-00C04F79EFBC}") = "LRMS API", "LRMS API\LRMS API.csproj", "{E077F4BC-2B25-421A-BFE3-55F3FB58EEEE}"
EndProject
Project("{FAE04EC0-301F-11D3-BF4B-00C04F79EFBC}") = "Domain", "Domain\Domain.csproj", "{10B8C613-5707-46B2-A20C-F181EA908E7B}"
EndProject
Project("{FAE04EC0-301F-11D3-BF4B-00C04F79EFBC}") = "Repository", "Repository\Repository.csproj", "{CC0520B0-55D6-4AC0-862F-201AEEBAF24E}"
EndProject
Project("{FAE04EC0-301F-11D3-BF4B-00C04F79EFBC}") = "Service", "Service\Service.csproj", "{DD7C16A9-4773-466B-ABE6-DCE8E2D648D2}"
EndProject
Global
	GlobalSection(SolutionConfigurationPlatforms) = preSolution
		Debug|Any CPU = Debug|Any CPU
		Release|Any CPU = Release|Any CPU
	EndGlobalSection
	GlobalSection(ProjectConfigurationPlatforms) = postSolution
		{E077F4BC-2B25-421A-BFE3-55F3FB58EEEE}.Debug|Any CPU.ActiveCfg = Debug|Any CPU
		{E077F4BC-2B25-421A-BFE3-55F3FB58EEEE}.Debug|Any CPU.Build.0 = Debug|Any CPU
		{E077F4BC-2B25-421A-BFE3-55F3FB58EEEE}.Release|Any CPU.ActiveCfg = Release|Any CPU
		{E077F4BC-2B25-421A-BFE3-55F3FB58EEEE}.Release|Any CPU.Build.0 = Release|Any CPU
		{10B8C613-5707-46B2-A20C-F181EA908E7B}.Debug|Any CPU.ActiveCfg = Debug|Any CPU
		{10B8C613-5707-46B2-A20C-F181EA908E7B}.Debug|Any CPU.Build.0 = Debug|Any CPU
		{10B8C613-5707-46B2-A20C-F181EA908E7B}.Release|Any CPU.ActiveCfg = Release|Any CPU
		{10B8C613-5707-46B2-A20C-F181EA908E7B}.Release|Any CPU.Build.0 = Release|Any CPU
		{CC0520B0-55D6-4AC0-862F-201AEEBAF24E}.Debug|Any CPU.ActiveCfg = Debug|Any CPU
		{CC0520B0-55D6-4AC0-862F-201AEEBAF24E}.Debug|Any CPU.Build.0 = Debug|Any CPU
		{CC0520B0-55D6-4AC0-862F-201AEEBAF24E}.Release|Any CPU.ActiveCfg = Release|Any CPU
		{CC0520B0-55D6-4AC0-862F-201AEEBAF24E}.Release|Any CPU.Build.0 = Release|Any CPU
		{DD7C16A9-4773-466B-ABE6-DCE8E2D648D2}.Debug|Any CPU.ActiveCfg = Debug|Any CPU
		{DD7C16A9-4773-466B-ABE6-DCE8E2D648D2}.Debug|Any CPU.Build.0 = Debug|Any CPU
		{DD7C16A9-4773-466B-ABE6-DCE8E2D648D2}.Release|Any CPU.ActiveCfg = Release|Any CPU
		{DD7C16A9-4773-466B-ABE6-DCE8E2D648D2}.Release|Any CPU.Build.0 = Release|Any CPU
	EndGlobalSection
	GlobalSection(SolutionProperties) = preSolution
		HideSolutionNode = FALSE
	EndGlobalSection
EndGlobal
